Microsoft Visual Studio Solution File, Format Version 12.00
# Visual Studio Version 17
VisualStudioVersion = 17.0.32014.148
MinimumVisualStudioVersion = 10.0.40219.1
Project("{9A19103F-16F7-4668-BE54-9A1E7A4F7556}") = "Acme.ShoppingCart.DomainService", "Acme.ShoppingCart.DomainService\Acme.ShoppingCart.DomainService.csproj", "{6731FE8E-5725-44C9-920F-E139453138BC}"
EndProject
Project("{9A19103F-16F7-4668-BE54-9A1E7A4F7556}") = "Acme.ShoppingCart.Dto", "Acme.ShoppingCart.Dto\Acme.ShoppingCart.Dto.csproj", "{52A41795-DCBA-4B14-A7DE-9E76142E3BA1}"
EndProject
Project("{9A19103F-16F7-4668-BE54-9A1E7A4F7556}") = "Acme.ShoppingCart.DomainService.Tests", "Acme.ShoppingCart.DomainService.Tests\Acme.ShoppingCart.DomainService.Tests.csproj", "{8A502400-39EB-40A5-A2BB-B4E3F0D79004}"
EndProject
Project("{9A19103F-16F7-4668-BE54-9A1E7A4F7556}") = "Acme.ShoppingCart.WebApi", "Acme.ShoppingCart.WebApi\Acme.ShoppingCart.WebApi.csproj", "{F5BBF1CD-3293-460F-8EDF-4F27DE633A4F}"
EndProject
Project("{9A19103F-16F7-4668-BE54-9A1E7A4F7556}") = "Acme.ShoppingCart.WebApi.Tests", "Acme.ShoppingCart.WebApi.Tests\Acme.ShoppingCart.WebApi.Tests.csproj", "{3962C39E-46D9-4F08-9038-95C5DDCE6673}"
EndProject
Project("{9A19103F-16F7-4668-BE54-9A1E7A4F7556}") = "Acme.ShoppingCart.Data", "Acme.ShoppingCart.Data\Acme.ShoppingCart.Data.csproj", "{7E0E20B3-1B2A-483D-AC50-A177AF3EBBF6}"
EndProject
Project("{2150E333-8FDC-42A3-9474-1A3956D46DE8}") = "_Solution Items", "_Solution Items", "{F604444D-0344-42DC-812A-9B132D0D7EFF}"
	ProjectSection(SolutionItems) = preProject
		.editorconfig = .editorconfig
	EndProjectSection
EndProject
Project("{9A19103F-16F7-4668-BE54-9A1E7A4F7556}") = "Acme.ShoppingCart.Domain", "Acme.ShoppingCart.Domain\Acme.ShoppingCart.Domain.csproj", "{1F32F33B-D53E-42BB-969C-1331F2261EA7}"
EndProject
Project("{9A19103F-16F7-4668-BE54-9A1E7A4F7556}") = "Acme.ShoppingCart.WebApi.IntegrationTests", "Acme.ShoppingCart.WebApi.IntegrationTests\Acme.ShoppingCart.WebApi.IntegrationTests.csproj", "{89CC45A5-DB6F-4C8E-8CD3-EDE8F726A44F}"
EndProject
Project("{9A19103F-16F7-4668-BE54-9A1E7A4F7556}") = "Acme.DomainEvent.Events", "Acme.DomainEvent.Events\Acme.DomainEvent.Events.csproj", "{871E1128-459E-4B42-AE91-A60F31014CE6}"
EndProject
Project("{9A19103F-16F7-4668-BE54-9A1E7A4F7556}") = "Acme.ShoppingCart.Domain.Tests", "Acme.ShoppingCart.Domain.Tests\Acme.ShoppingCart.Domain.Tests.csproj", "{B0F54646-0F25-4788-AC0B-264BE1DC7D17}"
EndProject
Project("{9A19103F-16F7-4668-BE54-9A1E7A4F7556}") = "Acme.ShoppingCart.BootStrap", "Acme.ShoppingCart.BootStrap\Acme.ShoppingCart.BootStrap.csproj", "{34F84B37-6F88-4F2A-AE54-EEF269D9C02B}"
EndProject
Project("{9A19103F-16F7-4668-BE54-9A1E7A4F7556}") = "Acme.ShoppingCart.Configuration", "Acme.ShoppingCart.Configuration\Acme.ShoppingCart.Configuration.csproj", "{AD366478-FE61-4D09-97DD-C42973292813}"
EndProject
Project("{9A19103F-16F7-4668-BE54-9A1E7A4F7556}") = "Acme.ShoppingCart.Hosting", "Acme.ShoppingCart.Hosting\Acme.ShoppingCart.Hosting.csproj", "{F7DE854F-EFF9-4020-9529-2788FCD222BB}"
EndProject
Project("{9A19103F-16F7-4668-BE54-9A1E7A4F7556}") = "Acme.ShoppingCart.Health", "Acme.ShoppingCart.Health\Acme.ShoppingCart.Health.csproj", "{BFD17CB4-8B37-49F7-B5B4-D514FB1A1D90}"
EndProject
Project("{9A19103F-16F7-4668-BE54-9A1E7A4F7556}") = "Acme.ShoppingCart.DomainEvent", "Acme.ShoppingCart.DomainEvent\Acme.ShoppingCart.DomainEvent.csproj", "{0F44D63A-A010-476B-8EAE-FF1EBC53492B}"
EndProject
Project("{9A19103F-16F7-4668-BE54-9A1E7A4F7556}") = "Acme.ShoppingCart.Exceptions", "Acme.ShoppingCart.Exceptions\Acme.ShoppingCart.Exceptions.csproj", "{AC8E1541-C882-4AAB-A8AA-ECADD0C9A41C}"
EndProject
Project("{9A19103F-16F7-4668-BE54-9A1E7A4F7556}") = "Acme.ShoppingCart.Catalog", "Acme.ShoppingCart.UserClient\Acme.ShoppingCart.Catalog.csproj", "{8651F26D-46CE-41F5-A90B-C1E27AEE2B80}"
EndProject
Project("{9A19103F-16F7-4668-BE54-9A1E7A4F7556}") = "Acme.ShoppingCart.Catalog.Tests", "Acme.ShoppingCart.UserClient.Tests\Acme.ShoppingCart.Catalog.Tests.csproj", "{C9C87172-3B47-425A-8A7A-A41EF197EC82}"
EndProject
Project("{2150E333-8FDC-42A3-9474-1A3956D46DE8}") = "Clients", "Clients", "{A16D7C34-53DA-4BA0-A7CD-E7BA2851209E}"
EndProject
Global
	GlobalSection(SolutionConfigurationPlatforms) = preSolution
		Debug|Any CPU = Debug|Any CPU
		Develop|Any CPU = Develop|Any CPU
		Production|Any CPU = Production|Any CPU
		QA|Any CPU = QA|Any CPU
		Release|Any CPU = Release|Any CPU
		Staging|Any CPU = Staging|Any CPU
	EndGlobalSection
	GlobalSection(ProjectConfigurationPlatforms) = postSolution
		{6731FE8E-5725-44C9-920F-E139453138BC}.Debug|Any CPU.ActiveCfg = Debug|Any CPU
		{6731FE8E-5725-44C9-920F-E139453138BC}.Debug|Any CPU.Build.0 = Debug|Any CPU
		{6731FE8E-5725-44C9-920F-E139453138BC}.Develop|Any CPU.ActiveCfg = Debug|Any CPU
		{6731FE8E-5725-44C9-920F-E139453138BC}.Develop|Any CPU.Build.0 = Debug|Any CPU
		{6731FE8E-5725-44C9-920F-E139453138BC}.Production|Any CPU.ActiveCfg = Production|Any CPU
		{6731FE8E-5725-44C9-920F-E139453138BC}.Production|Any CPU.Build.0 = Production|Any CPU
		{6731FE8E-5725-44C9-920F-E139453138BC}.QA|Any CPU.ActiveCfg = QA|Any CPU
		{6731FE8E-5725-44C9-920F-E139453138BC}.QA|Any CPU.Build.0 = QA|Any CPU
		{6731FE8E-5725-44C9-920F-E139453138BC}.Release|Any CPU.ActiveCfg = Staging|Any CPU
		{6731FE8E-5725-44C9-920F-E139453138BC}.Release|Any CPU.Build.0 = Staging|Any CPU
		{6731FE8E-5725-44C9-920F-E139453138BC}.Staging|Any CPU.ActiveCfg = Staging|Any CPU
		{6731FE8E-5725-44C9-920F-E139453138BC}.Staging|Any CPU.Build.0 = Staging|Any CPU
		{52A41795-DCBA-4B14-A7DE-9E76142E3BA1}.Debug|Any CPU.ActiveCfg = Debug|Any CPU
		{52A41795-DCBA-4B14-A7DE-9E76142E3BA1}.Debug|Any CPU.Build.0 = Debug|Any CPU
		{52A41795-DCBA-4B14-A7DE-9E76142E3BA1}.Develop|Any CPU.ActiveCfg = Debug|Any CPU
		{52A41795-DCBA-4B14-A7DE-9E76142E3BA1}.Develop|Any CPU.Build.0 = Debug|Any CPU
		{52A41795-DCBA-4B14-A7DE-9E76142E3BA1}.Production|Any CPU.ActiveCfg = Release|Any CPU
		{52A41795-DCBA-4B14-A7DE-9E76142E3BA1}.Production|Any CPU.Build.0 = Release|Any CPU
		{52A41795-DCBA-4B14-A7DE-9E76142E3BA1}.QA|Any CPU.ActiveCfg = Release|Any CPU
		{52A41795-DCBA-4B14-A7DE-9E76142E3BA1}.QA|Any CPU.Build.0 = Release|Any CPU
		{52A41795-DCBA-4B14-A7DE-9E76142E3BA1}.Release|Any CPU.ActiveCfg = Release|Any CPU
		{52A41795-DCBA-4B14-A7DE-9E76142E3BA1}.Release|Any CPU.Build.0 = Release|Any CPU
		{52A41795-DCBA-4B14-A7DE-9E76142E3BA1}.Staging|Any CPU.ActiveCfg = Release|Any CPU
		{52A41795-DCBA-4B14-A7DE-9E76142E3BA1}.Staging|Any CPU.Build.0 = Release|Any CPU
		{8A502400-39EB-40A5-A2BB-B4E3F0D79004}.Debug|Any CPU.ActiveCfg = Debug|Any CPU
		{8A502400-39EB-40A5-A2BB-B4E3F0D79004}.Debug|Any CPU.Build.0 = Debug|Any CPU
		{8A502400-39EB-40A5-A2BB-B4E3F0D79004}.Develop|Any CPU.ActiveCfg = Debug|Any CPU
		{8A502400-39EB-40A5-A2BB-B4E3F0D79004}.Develop|Any CPU.Build.0 = Debug|Any CPU
		{8A502400-39EB-40A5-A2BB-B4E3F0D79004}.Production|Any CPU.ActiveCfg = Production|Any CPU
		{8A502400-39EB-40A5-A2BB-B4E3F0D79004}.Production|Any CPU.Build.0 = Production|Any CPU
		{8A502400-39EB-40A5-A2BB-B4E3F0D79004}.QA|Any CPU.ActiveCfg = QA|Any CPU
		{8A502400-39EB-40A5-A2BB-B4E3F0D79004}.QA|Any CPU.Build.0 = QA|Any CPU
		{8A502400-39EB-40A5-A2BB-B4E3F0D79004}.Release|Any CPU.ActiveCfg = Staging|Any CPU
		{8A502400-39EB-40A5-A2BB-B4E3F0D79004}.Release|Any CPU.Build.0 = Staging|Any CPU
		{8A502400-39EB-40A5-A2BB-B4E3F0D79004}.Staging|Any CPU.ActiveCfg = Staging|Any CPU
		{8A502400-39EB-40A5-A2BB-B4E3F0D79004}.Staging|Any CPU.Build.0 = Staging|Any CPU
		{F5BBF1CD-3293-460F-8EDF-4F27DE633A4F}.Debug|Any CPU.ActiveCfg = Debug|Any CPU
		{F5BBF1CD-3293-460F-8EDF-4F27DE633A4F}.Debug|Any CPU.Build.0 = Debug|Any CPU
		{F5BBF1CD-3293-460F-8EDF-4F27DE633A4F}.Develop|Any CPU.ActiveCfg = Debug|Any CPU
		{F5BBF1CD-3293-460F-8EDF-4F27DE633A4F}.Develop|Any CPU.Build.0 = Debug|Any CPU
		{F5BBF1CD-3293-460F-8EDF-4F27DE633A4F}.Production|Any CPU.ActiveCfg = Release|Any CPU
		{F5BBF1CD-3293-460F-8EDF-4F27DE633A4F}.Production|Any CPU.Build.0 = Release|Any CPU
		{F5BBF1CD-3293-460F-8EDF-4F27DE633A4F}.QA|Any CPU.ActiveCfg = Release|Any CPU
		{F5BBF1CD-3293-460F-8EDF-4F27DE633A4F}.QA|Any CPU.Build.0 = Release|Any CPU
		{F5BBF1CD-3293-460F-8EDF-4F27DE633A4F}.Release|Any CPU.ActiveCfg = Release|Any CPU
		{F5BBF1CD-3293-460F-8EDF-4F27DE633A4F}.Release|Any CPU.Build.0 = Release|Any CPU
		{F5BBF1CD-3293-460F-8EDF-4F27DE633A4F}.Staging|Any CPU.ActiveCfg = Release|Any CPU
		{F5BBF1CD-3293-460F-8EDF-4F27DE633A4F}.Staging|Any CPU.Build.0 = Release|Any CPU
		{3962C39E-46D9-4F08-9038-95C5DDCE6673}.Debug|Any CPU.ActiveCfg = Debug|Any CPU
		{3962C39E-46D9-4F08-9038-95C5DDCE6673}.Debug|Any CPU.Build.0 = Debug|Any CPU
		{3962C39E-46D9-4F08-9038-95C5DDCE6673}.Develop|Any CPU.ActiveCfg = Debug|Any CPU
		{3962C39E-46D9-4F08-9038-95C5DDCE6673}.Develop|Any CPU.Build.0 = Debug|Any CPU
		{3962C39E-46D9-4F08-9038-95C5DDCE6673}.Production|Any CPU.ActiveCfg = Release|Any CPU
		{3962C39E-46D9-4F08-9038-95C5DDCE6673}.Production|Any CPU.Build.0 = Release|Any CPU
		{3962C39E-46D9-4F08-9038-95C5DDCE6673}.QA|Any CPU.ActiveCfg = Release|Any CPU
		{3962C39E-46D9-4F08-9038-95C5DDCE6673}.QA|Any CPU.Build.0 = Release|Any CPU
		{3962C39E-46D9-4F08-9038-95C5DDCE6673}.Release|Any CPU.ActiveCfg = Release|Any CPU
		{3962C39E-46D9-4F08-9038-95C5DDCE6673}.Release|Any CPU.Build.0 = Release|Any CPU
		{3962C39E-46D9-4F08-9038-95C5DDCE6673}.Staging|Any CPU.ActiveCfg = Release|Any CPU
		{3962C39E-46D9-4F08-9038-95C5DDCE6673}.Staging|Any CPU.Build.0 = Release|Any CPU
		{7E0E20B3-1B2A-483D-AC50-A177AF3EBBF6}.Debug|Any CPU.ActiveCfg = Debug|Any CPU
		{7E0E20B3-1B2A-483D-AC50-A177AF3EBBF6}.Debug|Any CPU.Build.0 = Debug|Any CPU
		{7E0E20B3-1B2A-483D-AC50-A177AF3EBBF6}.Develop|Any CPU.ActiveCfg = Debug|Any CPU
		{7E0E20B3-1B2A-483D-AC50-A177AF3EBBF6}.Develop|Any CPU.Build.0 = Debug|Any CPU
		{7E0E20B3-1B2A-483D-AC50-A177AF3EBBF6}.Production|Any CPU.ActiveCfg = Debug|Any CPU
		{7E0E20B3-1B2A-483D-AC50-A177AF3EBBF6}.Production|Any CPU.Build.0 = Debug|Any CPU
		{7E0E20B3-1B2A-483D-AC50-A177AF3EBBF6}.QA|Any CPU.ActiveCfg = Debug|Any CPU
		{7E0E20B3-1B2A-483D-AC50-A177AF3EBBF6}.QA|Any CPU.Build.0 = Debug|Any CPU
		{7E0E20B3-1B2A-483D-AC50-A177AF3EBBF6}.Release|Any CPU.ActiveCfg = Release|Any CPU
		{7E0E20B3-1B2A-483D-AC50-A177AF3EBBF6}.Release|Any CPU.Build.0 = Release|Any CPU
		{7E0E20B3-1B2A-483D-AC50-A177AF3EBBF6}.Staging|Any CPU.ActiveCfg = Debug|Any CPU
		{7E0E20B3-1B2A-483D-AC50-A177AF3EBBF6}.Staging|Any CPU.Build.0 = Debug|Any CPU
		{1F32F33B-D53E-42BB-969C-1331F2261EA7}.Debug|Any CPU.ActiveCfg = Debug|Any CPU
		{1F32F33B-D53E-42BB-969C-1331F2261EA7}.Debug|Any CPU.Build.0 = Debug|Any CPU
		{1F32F33B-D53E-42BB-969C-1331F2261EA7}.Develop|Any CPU.ActiveCfg = Debug|Any CPU
		{1F32F33B-D53E-42BB-969C-1331F2261EA7}.Develop|Any CPU.Build.0 = Debug|Any CPU
		{1F32F33B-D53E-42BB-969C-1331F2261EA7}.Production|Any CPU.ActiveCfg = Debug|Any CPU
		{1F32F33B-D53E-42BB-969C-1331F2261EA7}.Production|Any CPU.Build.0 = Debug|Any CPU
		{1F32F33B-D53E-42BB-969C-1331F2261EA7}.QA|Any CPU.ActiveCfg = Debug|Any CPU
		{1F32F33B-D53E-42BB-969C-1331F2261EA7}.QA|Any CPU.Build.0 = Debug|Any CPU
		{1F32F33B-D53E-42BB-969C-1331F2261EA7}.Release|Any CPU.ActiveCfg = Release|Any CPU
		{1F32F33B-D53E-42BB-969C-1331F2261EA7}.Release|Any CPU.Build.0 = Release|Any CPU
		{1F32F33B-D53E-42BB-969C-1331F2261EA7}.Staging|Any CPU.ActiveCfg = Debug|Any CPU
		{1F32F33B-D53E-42BB-969C-1331F2261EA7}.Staging|Any CPU.Build.0 = Debug|Any CPU
		{89CC45A5-DB6F-4C8E-8CD3-EDE8F726A44F}.Debug|Any CPU.ActiveCfg = Debug|Any CPU
		{89CC45A5-DB6F-4C8E-8CD3-EDE8F726A44F}.Debug|Any CPU.Build.0 = Debug|Any CPU
		{89CC45A5-DB6F-4C8E-8CD3-EDE8F726A44F}.Develop|Any CPU.ActiveCfg = Debug|Any CPU
		{89CC45A5-DB6F-4C8E-8CD3-EDE8F726A44F}.Develop|Any CPU.Build.0 = Debug|Any CPU
		{89CC45A5-DB6F-4C8E-8CD3-EDE8F726A44F}.Production|Any CPU.ActiveCfg = Debug|Any CPU
		{89CC45A5-DB6F-4C8E-8CD3-EDE8F726A44F}.Production|Any CPU.Build.0 = Debug|Any CPU
		{89CC45A5-DB6F-4C8E-8CD3-EDE8F726A44F}.QA|Any CPU.ActiveCfg = Debug|Any CPU
		{89CC45A5-DB6F-4C8E-8CD3-EDE8F726A44F}.QA|Any CPU.Build.0 = Debug|Any CPU
		{89CC45A5-DB6F-4C8E-8CD3-EDE8F726A44F}.Release|Any CPU.ActiveCfg = Production|Any CPU
		{89CC45A5-DB6F-4C8E-8CD3-EDE8F726A44F}.Release|Any CPU.Build.0 = Production|Any CPU
		{89CC45A5-DB6F-4C8E-8CD3-EDE8F726A44F}.Staging|Any CPU.ActiveCfg = Debug|Any CPU
		{89CC45A5-DB6F-4C8E-8CD3-EDE8F726A44F}.Staging|Any CPU.Build.0 = Debug|Any CPU
		{871E1128-459E-4B42-AE91-A60F31014CE6}.Debug|Any CPU.ActiveCfg = Debug|Any CPU
		{871E1128-459E-4B42-AE91-A60F31014CE6}.Debug|Any CPU.Build.0 = Debug|Any CPU
		{871E1128-459E-4B42-AE91-A60F31014CE6}.Develop|Any CPU.ActiveCfg = Debug|Any CPU
		{871E1128-459E-4B42-AE91-A60F31014CE6}.Develop|Any CPU.Build.0 = Debug|Any CPU
		{871E1128-459E-4B42-AE91-A60F31014CE6}.Production|Any CPU.ActiveCfg = Debug|Any CPU
		{871E1128-459E-4B42-AE91-A60F31014CE6}.Production|Any CPU.Build.0 = Debug|Any CPU
		{871E1128-459E-4B42-AE91-A60F31014CE6}.QA|Any CPU.ActiveCfg = Debug|Any CPU
		{871E1128-459E-4B42-AE91-A60F31014CE6}.QA|Any CPU.Build.0 = Debug|Any CPU
		{871E1128-459E-4B42-AE91-A60F31014CE6}.Release|Any CPU.ActiveCfg = Release|Any CPU
		{871E1128-459E-4B42-AE91-A60F31014CE6}.Release|Any CPU.Build.0 = Release|Any CPU
		{871E1128-459E-4B42-AE91-A60F31014CE6}.Staging|Any CPU.ActiveCfg = Debug|Any CPU
		{871E1128-459E-4B42-AE91-A60F31014CE6}.Staging|Any CPU.Build.0 = Debug|Any CPU
		{B0F54646-0F25-4788-AC0B-264BE1DC7D17}.Debug|Any CPU.ActiveCfg = Debug|Any CPU
		{B0F54646-0F25-4788-AC0B-264BE1DC7D17}.Debug|Any CPU.Build.0 = Debug|Any CPU
		{B0F54646-0F25-4788-AC0B-264BE1DC7D17}.Develop|Any CPU.ActiveCfg = Debug|Any CPU
		{B0F54646-0F25-4788-AC0B-264BE1DC7D17}.Develop|Any CPU.Build.0 = Debug|Any CPU
		{B0F54646-0F25-4788-AC0B-264BE1DC7D17}.Production|Any CPU.ActiveCfg = Debug|Any CPU
		{B0F54646-0F25-4788-AC0B-264BE1DC7D17}.Production|Any CPU.Build.0 = Debug|Any CPU
		{B0F54646-0F25-4788-AC0B-264BE1DC7D17}.QA|Any CPU.ActiveCfg = Debug|Any CPU
		{B0F54646-0F25-4788-AC0B-264BE1DC7D17}.QA|Any CPU.Build.0 = Debug|Any CPU
		{B0F54646-0F25-4788-AC0B-264BE1DC7D17}.Release|Any CPU.ActiveCfg = Release|Any CPU
		{B0F54646-0F25-4788-AC0B-264BE1DC7D17}.Release|Any CPU.Build.0 = Release|Any CPU
		{B0F54646-0F25-4788-AC0B-264BE1DC7D17}.Staging|Any CPU.ActiveCfg = Debug|Any CPU
		{B0F54646-0F25-4788-AC0B-264BE1DC7D17}.Staging|Any CPU.Build.0 = Debug|Any CPU
		{34F84B37-6F88-4F2A-AE54-EEF269D9C02B}.Debug|Any CPU.ActiveCfg = Debug|Any CPU
		{34F84B37-6F88-4F2A-AE54-EEF269D9C02B}.Debug|Any CPU.Build.0 = Debug|Any CPU
		{34F84B37-6F88-4F2A-AE54-EEF269D9C02B}.Develop|Any CPU.ActiveCfg = Debug|Any CPU
		{34F84B37-6F88-4F2A-AE54-EEF269D9C02B}.Develop|Any CPU.Build.0 = Debug|Any CPU
		{34F84B37-6F88-4F2A-AE54-EEF269D9C02B}.Production|Any CPU.ActiveCfg = Debug|Any CPU
		{34F84B37-6F88-4F2A-AE54-EEF269D9C02B}.Production|Any CPU.Build.0 = Debug|Any CPU
		{34F84B37-6F88-4F2A-AE54-EEF269D9C02B}.QA|Any CPU.ActiveCfg = Debug|Any CPU
		{34F84B37-6F88-4F2A-AE54-EEF269D9C02B}.QA|Any CPU.Build.0 = Debug|Any CPU
		{34F84B37-6F88-4F2A-AE54-EEF269D9C02B}.Release|Any CPU.ActiveCfg = Release|Any CPU
		{34F84B37-6F88-4F2A-AE54-EEF269D9C02B}.Release|Any CPU.Build.0 = Release|Any CPU
		{34F84B37-6F88-4F2A-AE54-EEF269D9C02B}.Staging|Any CPU.ActiveCfg = Debug|Any CPU
		{34F84B37-6F88-4F2A-AE54-EEF269D9C02B}.Staging|Any CPU.Build.0 = Debug|Any CPU
		{AD366478-FE61-4D09-97DD-C42973292813}.Debug|Any CPU.ActiveCfg = Debug|Any CPU
		{AD366478-FE61-4D09-97DD-C42973292813}.Debug|Any CPU.Build.0 = Debug|Any CPU
		{AD366478-FE61-4D09-97DD-C42973292813}.Develop|Any CPU.ActiveCfg = Debug|Any CPU
		{AD366478-FE61-4D09-97DD-C42973292813}.Develop|Any CPU.Build.0 = Debug|Any CPU
		{AD366478-FE61-4D09-97DD-C42973292813}.Production|Any CPU.ActiveCfg = Debug|Any CPU
		{AD366478-FE61-4D09-97DD-C42973292813}.Production|Any CPU.Build.0 = Debug|Any CPU
		{AD366478-FE61-4D09-97DD-C42973292813}.QA|Any CPU.ActiveCfg = Debug|Any CPU
		{AD366478-FE61-4D09-97DD-C42973292813}.QA|Any CPU.Build.0 = Debug|Any CPU
		{AD366478-FE61-4D09-97DD-C42973292813}.Release|Any CPU.ActiveCfg = Release|Any CPU
		{AD366478-FE61-4D09-97DD-C42973292813}.Release|Any CPU.Build.0 = Release|Any CPU
		{AD366478-FE61-4D09-97DD-C42973292813}.Staging|Any CPU.ActiveCfg = Debug|Any CPU
		{AD366478-FE61-4D09-97DD-C42973292813}.Staging|Any CPU.Build.0 = Debug|Any CPU
		{F7DE854F-EFF9-4020-9529-2788FCD222BB}.Debug|Any CPU.ActiveCfg = Debug|Any CPU
		{F7DE854F-EFF9-4020-9529-2788FCD222BB}.Debug|Any CPU.Build.0 = Debug|Any CPU
		{F7DE854F-EFF9-4020-9529-2788FCD222BB}.Develop|Any CPU.ActiveCfg = Debug|Any CPU
		{F7DE854F-EFF9-4020-9529-2788FCD222BB}.Develop|Any CPU.Build.0 = Debug|Any CPU
		{F7DE854F-EFF9-4020-9529-2788FCD222BB}.Production|Any CPU.ActiveCfg = Release|Any CPU
		{F7DE854F-EFF9-4020-9529-2788FCD222BB}.Production|Any CPU.Build.0 = Release|Any CPU
		{F7DE854F-EFF9-4020-9529-2788FCD222BB}.QA|Any CPU.ActiveCfg = Release|Any CPU
		{F7DE854F-EFF9-4020-9529-2788FCD222BB}.QA|Any CPU.Build.0 = Release|Any CPU
		{F7DE854F-EFF9-4020-9529-2788FCD222BB}.Release|Any CPU.ActiveCfg = Release|Any CPU
		{F7DE854F-EFF9-4020-9529-2788FCD222BB}.Release|Any CPU.Build.0 = Release|Any CPU
		{F7DE854F-EFF9-4020-9529-2788FCD222BB}.Staging|Any CPU.ActiveCfg = Release|Any CPU
		{F7DE854F-EFF9-4020-9529-2788FCD222BB}.Staging|Any CPU.Build.0 = Release|Any CPU
		{BFD17CB4-8B37-49F7-B5B4-D514FB1A1D90}.Debug|Any CPU.ActiveCfg = Debug|Any CPU
		{BFD17CB4-8B37-49F7-B5B4-D514FB1A1D90}.Debug|Any CPU.Build.0 = Debug|Any CPU
		{BFD17CB4-8B37-49F7-B5B4-D514FB1A1D90}.Develop|Any CPU.ActiveCfg = Debug|Any CPU
		{BFD17CB4-8B37-49F7-B5B4-D514FB1A1D90}.Develop|Any CPU.Build.0 = Debug|Any CPU
		{BFD17CB4-8B37-49F7-B5B4-D514FB1A1D90}.Production|Any CPU.ActiveCfg = Release|Any CPU
		{BFD17CB4-8B37-49F7-B5B4-D514FB1A1D90}.Production|Any CPU.Build.0 = Release|Any CPU
		{BFD17CB4-8B37-49F7-B5B4-D514FB1A1D90}.QA|Any CPU.ActiveCfg = Release|Any CPU
		{BFD17CB4-8B37-49F7-B5B4-D514FB1A1D90}.QA|Any CPU.Build.0 = Release|Any CPU
		{BFD17CB4-8B37-49F7-B5B4-D514FB1A1D90}.Release|Any CPU.ActiveCfg = Release|Any CPU
		{BFD17CB4-8B37-49F7-B5B4-D514FB1A1D90}.Release|Any CPU.Build.0 = Release|Any CPU
		{BFD17CB4-8B37-49F7-B5B4-D514FB1A1D90}.Staging|Any CPU.ActiveCfg = Release|Any CPU
		{BFD17CB4-8B37-49F7-B5B4-D514FB1A1D90}.Staging|Any CPU.Build.0 = Release|Any CPU
		{0F44D63A-A010-476B-8EAE-FF1EBC53492B}.Debug|Any CPU.ActiveCfg = Debug|Any CPU
		{0F44D63A-A010-476B-8EAE-FF1EBC53492B}.Debug|Any CPU.Build.0 = Debug|Any CPU
		{0F44D63A-A010-476B-8EAE-FF1EBC53492B}.Develop|Any CPU.ActiveCfg = Debug|Any CPU
		{0F44D63A-A010-476B-8EAE-FF1EBC53492B}.Develop|Any CPU.Build.0 = Debug|Any CPU
		{0F44D63A-A010-476B-8EAE-FF1EBC53492B}.Production|Any CPU.ActiveCfg = Release|Any CPU
		{0F44D63A-A010-476B-8EAE-FF1EBC53492B}.Production|Any CPU.Build.0 = Release|Any CPU
		{0F44D63A-A010-476B-8EAE-FF1EBC53492B}.QA|Any CPU.ActiveCfg = Release|Any CPU
		{0F44D63A-A010-476B-8EAE-FF1EBC53492B}.QA|Any CPU.Build.0 = Release|Any CPU
		{0F44D63A-A010-476B-8EAE-FF1EBC53492B}.Release|Any CPU.ActiveCfg = Release|Any CPU
		{0F44D63A-A010-476B-8EAE-FF1EBC53492B}.Release|Any CPU.Build.0 = Release|Any CPU
		{0F44D63A-A010-476B-8EAE-FF1EBC53492B}.Staging|Any CPU.ActiveCfg = Release|Any CPU
		{0F44D63A-A010-476B-8EAE-FF1EBC53492B}.Staging|Any CPU.Build.0 = Release|Any CPU
		{AC8E1541-C882-4AAB-A8AA-ECADD0C9A41C}.Debug|Any CPU.ActiveCfg = Debug|Any CPU
		{AC8E1541-C882-4AAB-A8AA-ECADD0C9A41C}.Debug|Any CPU.Build.0 = Debug|Any CPU
		{AC8E1541-C882-4AAB-A8AA-ECADD0C9A41C}.Develop|Any CPU.ActiveCfg = Debug|Any CPU
		{AC8E1541-C882-4AAB-A8AA-ECADD0C9A41C}.Develop|Any CPU.Build.0 = Debug|Any CPU
		{AC8E1541-C882-4AAB-A8AA-ECADD0C9A41C}.Production|Any CPU.ActiveCfg = Debug|Any CPU
		{AC8E1541-C882-4AAB-A8AA-ECADD0C9A41C}.Production|Any CPU.Build.0 = Debug|Any CPU
		{AC8E1541-C882-4AAB-A8AA-ECADD0C9A41C}.QA|Any CPU.ActiveCfg = Debug|Any CPU
		{AC8E1541-C882-4AAB-A8AA-ECADD0C9A41C}.QA|Any CPU.Build.0 = Debug|Any CPU
		{AC8E1541-C882-4AAB-A8AA-ECADD0C9A41C}.Release|Any CPU.ActiveCfg = Release|Any CPU
		{AC8E1541-C882-4AAB-A8AA-ECADD0C9A41C}.Release|Any CPU.Build.0 = Release|Any CPU
		{AC8E1541-C882-4AAB-A8AA-ECADD0C9A41C}.Staging|Any CPU.ActiveCfg = Debug|Any CPU
		{AC8E1541-C882-4AAB-A8AA-ECADD0C9A41C}.Staging|Any CPU.Build.0 = Debug|Any CPU
		{8651F26D-46CE-41F5-A90B-C1E27AEE2B80}.Debug|Any CPU.ActiveCfg = Debug|Any CPU
		{8651F26D-46CE-41F5-A90B-C1E27AEE2B80}.Debug|Any CPU.Build.0 = Debug|Any CPU
		{8651F26D-46CE-41F5-A90B-C1E27AEE2B80}.Develop|Any CPU.ActiveCfg = Debug|Any CPU
		{8651F26D-46CE-41F5-A90B-C1E27AEE2B80}.Develop|Any CPU.Build.0 = Debug|Any CPU
		{8651F26D-46CE-41F5-A90B-C1E27AEE2B80}.Production|Any CPU.ActiveCfg = Debug|Any CPU
		{8651F26D-46CE-41F5-A90B-C1E27AEE2B80}.Production|Any CPU.Build.0 = Debug|Any CPU
		{8651F26D-46CE-41F5-A90B-C1E27AEE2B80}.QA|Any CPU.ActiveCfg = Debug|Any CPU
		{8651F26D-46CE-41F5-A90B-C1E27AEE2B80}.QA|Any CPU.Build.0 = Debug|Any CPU
		{8651F26D-46CE-41F5-A90B-C1E27AEE2B80}.Release|Any CPU.ActiveCfg = Release|Any CPU
		{8651F26D-46CE-41F5-A90B-C1E27AEE2B80}.Release|Any CPU.Build.0 = Release|Any CPU
		{8651F26D-46CE-41F5-A90B-C1E27AEE2B80}.Staging|Any CPU.ActiveCfg = Debug|Any CPU
		{8651F26D-46CE-41F5-A90B-C1E27AEE2B80}.Staging|Any CPU.Build.0 = Debug|Any CPU
		{C9C87172-3B47-425A-8A7A-A41EF197EC82}.Debug|Any CPU.ActiveCfg = Debug|Any CPU
		{C9C87172-3B47-425A-8A7A-A41EF197EC82}.Debug|Any CPU.Build.0 = Debug|Any CPU
		{C9C87172-3B47-425A-8A7A-A41EF197EC82}.Develop|Any CPU.ActiveCfg = Debug|Any CPU
		{C9C87172-3B47-425A-8A7A-A41EF197EC82}.Develop|Any CPU.Build.0 = Debug|Any CPU
		{C9C87172-3B47-425A-8A7A-A41EF197EC82}.Production|Any CPU.ActiveCfg = Debug|Any CPU
		{C9C87172-3B47-425A-8A7A-A41EF197EC82}.Production|Any CPU.Build.0 = Debug|Any CPU
		{C9C87172-3B47-425A-8A7A-A41EF197EC82}.QA|Any CPU.ActiveCfg = Debug|Any CPU
		{C9C87172-3B47-425A-8A7A-A41EF197EC82}.QA|Any CPU.Build.0 = Debug|Any CPU
		{C9C87172-3B47-425A-8A7A-A41EF197EC82}.Release|Any CPU.ActiveCfg = Release|Any CPU
		{C9C87172-3B47-425A-8A7A-A41EF197EC82}.Release|Any CPU.Build.0 = Release|Any CPU
		{C9C87172-3B47-425A-8A7A-A41EF197EC82}.Staging|Any CPU.ActiveCfg = Debug|Any CPU
		{C9C87172-3B47-425A-8A7A-A41EF197EC82}.Staging|Any CPU.Build.0 = Debug|Any CPU
	EndGlobalSection
	GlobalSection(SolutionProperties) = preSolution
		HideSolutionNode = FALSE
	EndGlobalSection
	GlobalSection(NestedProjects) = preSolution
		{8651F26D-46CE-41F5-A90B-C1E27AEE2B80} = {A16D7C34-53DA-4BA0-A7CD-E7BA2851209E}
		{C9C87172-3B47-425A-8A7A-A41EF197EC82} = {A16D7C34-53DA-4BA0-A7CD-E7BA2851209E}
	EndGlobalSection
	GlobalSection(ExtensibilityGlobals) = postSolution
		SolutionGuid = {67E5D594-988F-42D6-AA45-6BC833F233A7}
	EndGlobalSection
EndGlobal
