Microsoft Visual Studio Solution File, Format Version 12.00
# Visual Studio Version 17
VisualStudioVersion = 17.0.32602.201
MinimumVisualStudioVersion = 10.0.40219.1
Project("{2150E333-8FDC-42A3-9474-1A3956D46DE8}") = "Solution Items", "Solution Items", "{0F4979FB-110E-4C9E-AD4C-2A6469893634}"
	ProjectSection(SolutionItems) = preProject
		.editorconfig = .editorconfig
		..\deploy\docker\docker-compose.yml = ..\deploy\docker\docker-compose.yml
		version.json = version.json
	EndProjectSection
EndProject
Project("{9A19103F-16F7-4668-BE54-9A1E7A4F7556}") = "Acme.IdentityServer4", "Acme.IdentityServer4\Acme.IdentityServer4.csproj", "{EB557693-3917-4902-A76C-325239C8F3B8}"
EndProject
Project("{9A19103F-16F7-4668-BE54-9A1E7A4F7556}") = "Acme.IdentityServer4.IntegrationTests", "Acme.IdentityServer4.IntegrationTests\Acme.IdentityServer4.IntegrationTests.csproj", "{28CCD4EE-EF31-42FE-A7B9-CD3AEB5B1E13}"
EndProject
Project("{9A19103F-16F7-4668-BE54-9A1E7A4F7556}") = "Acme.IdentityServer4.Tests", "Acme.IdentityServer4.Tests\Acme.IdentityServer4.Tests.csproj", "{56AAD9CA-4BBD-4453-B9FE-E74AB443AF4D}"
EndProject
Global
	GlobalSection(SolutionConfigurationPlatforms) = preSolution
		Debug|Any CPU = Debug|Any CPU
		Release|Any CPU = Release|Any CPU
	EndGlobalSection
	GlobalSection(ProjectConfigurationPlatforms) = postSolution
		{EB557693-3917-4902-A76C-325239C8F3B8}.Debug|Any CPU.ActiveCfg = Debug|Any CPU
		{EB557693-3917-4902-A76C-325239C8F3B8}.Debug|Any CPU.Build.0 = Debug|Any CPU
		{EB557693-3917-4902-A76C-325239C8F3B8}.Release|Any CPU.ActiveCfg = Release|Any CPU
		{EB557693-3917-4902-A76C-325239C8F3B8}.Release|Any CPU.Build.0 = Release|Any CPU
		{28CCD4EE-EF31-42FE-A7B9-CD3AEB5B1E13}.Debug|Any CPU.ActiveCfg = Debug|Any CPU
		{28CCD4EE-EF31-42FE-A7B9-CD3AEB5B1E13}.Debug|Any CPU.Build.0 = Debug|Any CPU
		{28CCD4EE-EF31-42FE-A7B9-CD3AEB5B1E13}.Release|Any CPU.ActiveCfg = Release|Any CPU
		{28CCD4EE-EF31-42FE-A7B9-CD3AEB5B1E13}.Release|Any CPU.Build.0 = Release|Any CPU
		{56AAD9CA-4BBD-4453-B9FE-E74AB443AF4D}.Debug|Any CPU.ActiveCfg = Debug|Any CPU
		{56AAD9CA-4BBD-4453-B9FE-E74AB443AF4D}.Debug|Any CPU.Build.0 = Debug|Any CPU
		{56AAD9CA-4BBD-4453-B9FE-E74AB443AF4D}.Release|Any CPU.ActiveCfg = Release|Any CPU
		{56AAD9CA-4BBD-4453-B9FE-E74AB443AF4D}.Release|Any CPU.Build.0 = Release|Any CPU
	EndGlobalSection
	GlobalSection(SolutionProperties) = preSolution
		HideSolutionNode = FALSE
	EndGlobalSection
	GlobalSection(ExtensibilityGlobals) = postSolution
		SolutionGuid = {8D2AA434-A5A9-4EBF-A047-87D95B49DE7A}
	EndGlobalSection
EndGlobal
